
Microsoft Visual Studio Solution File, Format Version 12.00
# Visual Studio Version 17
VisualStudioVersion = 17.14.36221.1
MinimumVisualStudioVersion = 10.0.40219.1
Project("{FAE04EC0-301F-11D3-BF4B-00C04F79EFBC}") = "Broadcast", "Broadcast.csproj", "{523FF43B-F9E7-FAB3-AF7B-E1E655CC9F06}"
	ProjectSection(ProjectDependencies) = postProject
		{53015D67-7123-D632-04C0-9408FFB50CC2} = {53015D67-7123-D632-04C0-9408FFB50CC2}
	EndProjectSection
EndProject
Project("{FAE04EC0-301F-11D3-BF4B-00C04F79EFBC}") = "BroadcastPluginSDK", "..\BroadcastPluginSDK\BroadcastPluginSDK.csproj", "{53015D67-7123-D632-04C0-9408FFB50CC2}"
EndProject
Project("{FAE04EC0-301F-11D3-BF4B-00C04F79EFBC}") = "APIPlugin", "..\APIPlugin\APIPlugin.csproj", "{07BDDEF3-2B89-893C-CEF1-82F1D876C103}"
EndProject
Project("{FAE04EC0-301F-11D3-BF4B-00C04F79EFBC}") = "RedisPlugin", "..\RedisPlugin\RedisPlugin.csproj", "{CE12C30F-76AD-2402-D13D-BD788A57DBAA}"
EndProject
Project("{FAE04EC0-301F-11D3-BF4B-00C04F79EFBC}") = "MSFSPlugin", "..\MSFSPlugin\MSFSPlugin.csproj", "{07121453-64DC-BFE6-B82B-717AD13B5691}"
EndProject
Project("{FAE04EC0-301F-11D3-BF4B-00C04F79EFBC}") = "LocalCachePlugin", "..\LocalCachePlugin\LocalCachePlugin.csproj", "{B6EFAFE4-C904-E197-6A39-26885319DAAF}"
EndProject
Project("{FAE04EC0-301F-11D3-BF4B-00C04F79EFBC}") = "TestDataPlugin", "..\TestDataPlugin\TestDataPlugin.csproj", "{78844FC0-EE0C-46F4-A45F-68884F4F2457}"
EndProject
Global
	GlobalSection(SolutionConfigurationPlatforms) = preSolution
		Debug|Any CPU = Debug|Any CPU
		Debug|x64 = Debug|x64
		Debug|x86 = Debug|x86
		Release|Any CPU = Release|Any CPU
		Release|x64 = Release|x64
		Release|x86 = Release|x86
	EndGlobalSection
	GlobalSection(ProjectConfigurationPlatforms) = postSolution
		{523FF43B-F9E7-FAB3-AF7B-E1E655CC9F06}.Debug|Any CPU.ActiveCfg = Debug|Any CPU
		{523FF43B-F9E7-FAB3-AF7B-E1E655CC9F06}.Debug|Any CPU.Build.0 = Debug|Any CPU
		{523FF43B-F9E7-FAB3-AF7B-E1E655CC9F06}.Debug|x64.ActiveCfg = Debug|x64
		{523FF43B-F9E7-FAB3-AF7B-E1E655CC9F06}.Debug|x64.Build.0 = Debug|x64
		{523FF43B-F9E7-FAB3-AF7B-E1E655CC9F06}.Debug|x86.ActiveCfg = Debug|x86
		{523FF43B-F9E7-FAB3-AF7B-E1E655CC9F06}.Debug|x86.Build.0 = Debug|x86
		{523FF43B-F9E7-FAB3-AF7B-E1E655CC9F06}.Release|Any CPU.ActiveCfg = Release|Any CPU
		{523FF43B-F9E7-FAB3-AF7B-E1E655CC9F06}.Release|Any CPU.Build.0 = Release|Any CPU
		{523FF43B-F9E7-FAB3-AF7B-E1E655CC9F06}.Release|x64.ActiveCfg = Release|x64
		{523FF43B-F9E7-FAB3-AF7B-E1E655CC9F06}.Release|x64.Build.0 = Release|x64
		{523FF43B-F9E7-FAB3-AF7B-E1E655CC9F06}.Release|x86.ActiveCfg = Release|x86
		{523FF43B-F9E7-FAB3-AF7B-E1E655CC9F06}.Release|x86.Build.0 = Release|x86
		{53015D67-7123-D632-04C0-9408FFB50CC2}.Debug|Any CPU.ActiveCfg = Debug|Any CPU
		{53015D67-7123-D632-04C0-9408FFB50CC2}.Debug|Any CPU.Build.0 = Debug|Any CPU
		{53015D67-7123-D632-04C0-9408FFB50CC2}.Debug|x64.ActiveCfg = Debug|x64
		{53015D67-7123-D632-04C0-9408FFB50CC2}.Debug|x64.Build.0 = Debug|x64
		{53015D67-7123-D632-04C0-9408FFB50CC2}.Debug|x86.ActiveCfg = Debug|x86
		{53015D67-7123-D632-04C0-9408FFB50CC2}.Debug|x86.Build.0 = Debug|x86
		{53015D67-7123-D632-04C0-9408FFB50CC2}.Release|Any CPU.ActiveCfg = Release|Any CPU
		{53015D67-7123-D632-04C0-9408FFB50CC2}.Release|Any CPU.Build.0 = Release|Any CPU
		{53015D67-7123-D632-04C0-9408FFB50CC2}.Release|x64.ActiveCfg = Release|x64
		{53015D67-7123-D632-04C0-9408FFB50CC2}.Release|x64.Build.0 = Release|x64
		{53015D67-7123-D632-04C0-9408FFB50CC2}.Release|x86.ActiveCfg = Release|x86
		{53015D67-7123-D632-04C0-9408FFB50CC2}.Release|x86.Build.0 = Release|x86
		{07BDDEF3-2B89-893C-CEF1-82F1D876C103}.Debug|Any CPU.ActiveCfg = Debug|Any CPU
		{07BDDEF3-2B89-893C-CEF1-82F1D876C103}.Debug|x64.ActiveCfg = Debug|x64
		{07BDDEF3-2B89-893C-CEF1-82F1D876C103}.Debug|x64.Build.0 = Debug|x64
		{07BDDEF3-2B89-893C-CEF1-82F1D876C103}.Debug|x86.ActiveCfg = Debug|Any CPU
		{07BDDEF3-2B89-893C-CEF1-82F1D876C103}.Debug|x86.Build.0 = Debug|Any CPU
		{07BDDEF3-2B89-893C-CEF1-82F1D876C103}.Release|Any CPU.ActiveCfg = Release|Any CPU
		{07BDDEF3-2B89-893C-CEF1-82F1D876C103}.Release|Any CPU.Build.0 = Release|Any CPU
		{07BDDEF3-2B89-893C-CEF1-82F1D876C103}.Release|x64.ActiveCfg = Release|x64
		{07BDDEF3-2B89-893C-CEF1-82F1D876C103}.Release|x64.Build.0 = Release|x64
		{07BDDEF3-2B89-893C-CEF1-82F1D876C103}.Release|x86.ActiveCfg = Release|Any CPU
		{07BDDEF3-2B89-893C-CEF1-82F1D876C103}.Release|x86.Build.0 = Release|Any CPU
		{CE12C30F-76AD-2402-D13D-BD788A57DBAA}.Debug|Any CPU.ActiveCfg = Debug|Any CPU
		{CE12C30F-76AD-2402-D13D-BD788A57DBAA}.Debug|x64.ActiveCfg = Debug|x64
		{CE12C30F-76AD-2402-D13D-BD788A57DBAA}.Debug|x64.Build.0 = Debug|x64
		{CE12C30F-76AD-2402-D13D-BD788A57DBAA}.Debug|x86.ActiveCfg = Debug|x86
		{CE12C30F-76AD-2402-D13D-BD788A57DBAA}.Debug|x86.Build.0 = Debug|x86
		{CE12C30F-76AD-2402-D13D-BD788A57DBAA}.Release|Any CPU.ActiveCfg = Release|Any CPU
		{CE12C30F-76AD-2402-D13D-BD788A57DBAA}.Release|Any CPU.Build.0 = Release|Any CPU
		{CE12C30F-76AD-2402-D13D-BD788A57DBAA}.Release|x64.ActiveCfg = Release|x64
		{CE12C30F-76AD-2402-D13D-BD788A57DBAA}.Release|x64.Build.0 = Release|x64
		{CE12C30F-76AD-2402-D13D-BD788A57DBAA}.Release|x86.ActiveCfg = Release|x86
		{CE12C30F-76AD-2402-D13D-BD788A57DBAA}.Release|x86.Build.0 = Release|x86
		{07121453-64DC-BFE6-B82B-717AD13B5691}.Debug|Any CPU.ActiveCfg = Debug|Any CPU
		{07121453-64DC-BFE6-B82B-717AD13B5691}.Debug|x64.ActiveCfg = Debug|x64
		{07121453-64DC-BFE6-B82B-717AD13B5691}.Debug|x64.Build.0 = Debug|x64
		{07121453-64DC-BFE6-B82B-717AD13B5691}.Debug|x86.ActiveCfg = Debug|Any CPU
		{07121453-64DC-BFE6-B82B-717AD13B5691}.Debug|x86.Build.0 = Debug|Any CPU
		{07121453-64DC-BFE6-B82B-717AD13B5691}.Release|Any CPU.ActiveCfg = Release|Any CPU
		{07121453-64DC-BFE6-B82B-717AD13B5691}.Release|Any CPU.Build.0 = Release|Any CPU
		{07121453-64DC-BFE6-B82B-717AD13B5691}.Release|x64.ActiveCfg = Release|x64
		{07121453-64DC-BFE6-B82B-717AD13B5691}.Release|x64.Build.0 = Release|x64
		{07121453-64DC-BFE6-B82B-717AD13B5691}.Release|x86.ActiveCfg = Release|Any CPU
		{07121453-64DC-BFE6-B82B-717AD13B5691}.Release|x86.Build.0 = Release|Any CPU
		{B6EFAFE4-C904-E197-6A39-26885319DAAF}.Debug|Any CPU.ActiveCfg = Debug|Any CPU
		{B6EFAFE4-C904-E197-6A39-26885319DAAF}.Debug|x64.ActiveCfg = Debug|x64
		{B6EFAFE4-C904-E197-6A39-26885319DAAF}.Debug|x64.Build.0 = Debug|x64
		{B6EFAFE4-C904-E197-6A39-26885319DAAF}.Debug|x86.ActiveCfg = Debug|x86
		{B6EFAFE4-C904-E197-6A39-26885319DAAF}.Debug|x86.Build.0 = Debug|x86
		{B6EFAFE4-C904-E197-6A39-26885319DAAF}.Release|Any CPU.ActiveCfg = Release|Any CPU
		{B6EFAFE4-C904-E197-6A39-26885319DAAF}.Release|Any CPU.Build.0 = Release|Any CPU
		{B6EFAFE4-C904-E197-6A39-26885319DAAF}.Release|x64.ActiveCfg = Release|x64
		{B6EFAFE4-C904-E197-6A39-26885319DAAF}.Release|x64.Build.0 = Release|x64
		{B6EFAFE4-C904-E197-6A39-26885319DAAF}.Release|x86.ActiveCfg = Release|x86
		{B6EFAFE4-C904-E197-6A39-26885319DAAF}.Release|x86.Build.0 = Release|x86
		{78844FC0-EE0C-46F4-A45F-68884F4F2457}.Debug|Any CPU.ActiveCfg = Debug|Any CPU
		{78844FC0-EE0C-46F4-A45F-68884F4F2457}.Debug|x64.ActiveCfg = Debug|Any CPU
		{78844FC0-EE0C-46F4-A45F-68884F4F2457}.Debug|x64.Build.0 = Debug|Any CPU
		{78844FC0-EE0C-46F4-A45F-68884F4F2457}.Debug|x86.ActiveCfg = Debug|Any CPU
		{78844FC0-EE0C-46F4-A45F-68884F4F2457}.Debug|x86.Build.0 = Debug|Any CPU
		{78844FC0-EE0C-46F4-A45F-68884F4F2457}.Release|Any CPU.ActiveCfg = Release|Any CPU
		{78844FC0-EE0C-46F4-A45F-68884F4F2457}.Release|Any CPU.Build.0 = Release|Any CPU
		{78844FC0-EE0C-46F4-A45F-68884F4F2457}.Release|x64.ActiveCfg = Release|Any CPU
		{78844FC0-EE0C-46F4-A45F-68884F4F2457}.Release|x64.Build.0 = Release|Any CPU
		{78844FC0-EE0C-46F4-A45F-68884F4F2457}.Release|x86.ActiveCfg = Release|Any CPU
		{78844FC0-EE0C-46F4-A45F-68884F4F2457}.Release|x86.Build.0 = Release|Any CPU
	EndGlobalSection
	GlobalSection(SolutionProperties) = preSolution
		HideSolutionNode = FALSE
	EndGlobalSection
	GlobalSection(ExtensibilityGlobals) = postSolution
		SolutionGuid = {B3C15C05-35DE-470E-9A2D-607F542E6D93}
	EndGlobalSection
EndGlobal
