
Microsoft Visual Studio Solution File, Format Version 12.00
# Visual Studio Version 17
VisualStudioVersion = 17.14.36221.1
MinimumVisualStudioVersion = 10.0.40219.1
Project("{FAE04EC0-301F-11D3-BF4B-00C04F79EFBC}") = "Broadcast", "Broadcast.csproj", "{523FF43B-F9E7-FAB3-AF7B-E1E655CC9F06}"
	ProjectSection(ProjectDependencies) = postProject
		{53015D67-7123-D632-04C0-9408FFB50CC2} = {53015D67-7123-D632-04C0-9408FFB50CC2}
	EndProjectSection
EndProject
Project("{FAE04EC0-301F-11D3-BF4B-00C04F79EFBC}") = "BroadcastPluginSDK", "..\BroadcastPluginSDK\BroadcastPluginSDK.csproj", "{53015D67-7123-D632-04C0-9408FFB50CC2}"
EndProject
Project("{FAE04EC0-301F-11D3-BF4B-00C04F79EFBC}") = "APIPlugin", "..\APIPlugin\APIPlugin.csproj", "{07BDDEF3-2B89-893C-CEF1-82F1D876C103}"
EndProject
Project("{FAE04EC0-301F-11D3-BF4B-00C04F79EFBC}") = "RedisPlugin", "..\RedisPlugin\RedisPlugin.csproj", "{CE12C30F-76AD-2402-D13D-BD788A57DBAA}"
EndProject
Project("{FAE04EC0-301F-11D3-BF4B-00C04F79EFBC}") = "LocalCachePlugin", "..\LocalCachePlugin\LocalCachePlugin.csproj", "{B6EFAFE4-C904-E197-6A39-26885319DAAF}"
EndProject
Project("{FAE04EC0-301F-11D3-BF4B-00C04F79EFBC}") = "TestDataPlugin", "..\TestDataPlugin\TestDataPlugin.csproj", "{78844FC0-EE0C-46F4-A45F-68884F4F2457}"
EndProject
Project("{FAE04EC0-301F-11D3-BF4B-00C04F79EFBC}") = "PluginTemplate", "..\PluginTemplate\PluginTemplate.csproj", "{AF199E0F-E112-36AA-DF01-D5BACA1162DE}"
EndProject
Project("{FAE04EC0-301F-11D3-BF4B-00C04F79EFBC}") = "Zippy", "..\Zippy\Zippy.csproj", "{E2C02914-EF8F-4282-A27B-851B65B5844E}"
EndProject
Project("{FAE04EC0-301F-11D3-BF4B-00C04F79EFBC}") = "UpdatePlugin", "..\UpdatePlugin\UpdatePlugin.csproj", "{AC5EA7C8-A032-4D80-B42C-8A196C61D7D6}"
EndProject
Project("{FAE04EC0-301F-11D3-BF4B-00C04F79EFBC}") = "MSFSPlugin", "..\..\SteveFawcett\MSFSPlugin\MSFSPlugin.csproj", "{92A22C46-DCAE-DFBB-F0EB-6E4212CF19AD}"
EndProject
Project("{FAE04EC0-301F-11D3-BF4B-00C04F79EFBC}") = "Combine", "..\Combine\Combine.csproj", "{60C43855-D428-4DA7-A152-6C950697B226}"
EndProject
Project("{FAE04EC0-301F-11D3-BF4B-00C04F79EFBC}") = "NetworkPlugin", "..\NetworkPlugin\NetworkPlugin.csproj", "{5AF66F1F-C346-4C45-9122-CD62F95DD0BF}"
	ProjectSection(ProjectDependencies) = postProject
		{53015D67-7123-D632-04C0-9408FFB50CC2} = {53015D67-7123-D632-04C0-9408FFB50CC2}
	EndProjectSection
EndProject
Project("{54435603-DBB4-11D2-8724-00A0C9A8B90C}") = "Package", "..\Package\Package.vdproj", "{521871AE-A9EA-BF62-A495-32F0E0FA8540}"
EndProject
Global
	GlobalSection(SolutionConfigurationPlatforms) = preSolution
		Debug|Any CPU = Debug|Any CPU
		Debug|x64 = Debug|x64
		Debug|x86 = Debug|x86
		Release|Any CPU = Release|Any CPU
		Release|x64 = Release|x64
		Release|x86 = Release|x86
	EndGlobalSection
	GlobalSection(ProjectConfigurationPlatforms) = postSolution
		{523FF43B-F9E7-FAB3-AF7B-E1E655CC9F06}.Debug|Any CPU.ActiveCfg = Debug|x64
		{523FF43B-F9E7-FAB3-AF7B-E1E655CC9F06}.Debug|Any CPU.Build.0 = Debug|x64
		{523FF43B-F9E7-FAB3-AF7B-E1E655CC9F06}.Debug|x64.ActiveCfg = Debug|x64
		{523FF43B-F9E7-FAB3-AF7B-E1E655CC9F06}.Debug|x64.Build.0 = Debug|x64
		{523FF43B-F9E7-FAB3-AF7B-E1E655CC9F06}.Debug|x86.ActiveCfg = Debug|x86
		{523FF43B-F9E7-FAB3-AF7B-E1E655CC9F06}.Debug|x86.Build.0 = Debug|x86
		{523FF43B-F9E7-FAB3-AF7B-E1E655CC9F06}.Release|Any CPU.ActiveCfg = Release|Any CPU
		{523FF43B-F9E7-FAB3-AF7B-E1E655CC9F06}.Release|Any CPU.Build.0 = Release|Any CPU
		{523FF43B-F9E7-FAB3-AF7B-E1E655CC9F06}.Release|x64.ActiveCfg = Release|x64
		{523FF43B-F9E7-FAB3-AF7B-E1E655CC9F06}.Release|x86.ActiveCfg = Release|x86
		{523FF43B-F9E7-FAB3-AF7B-E1E655CC9F06}.Release|x86.Build.0 = Release|x86
		{53015D67-7123-D632-04C0-9408FFB50CC2}.Debug|Any CPU.ActiveCfg = Debug|x64
		{53015D67-7123-D632-04C0-9408FFB50CC2}.Debug|Any CPU.Build.0 = Debug|x64
		{53015D67-7123-D632-04C0-9408FFB50CC2}.Debug|x64.ActiveCfg = Debug|x64
		{53015D67-7123-D632-04C0-9408FFB50CC2}.Debug|x64.Build.0 = Debug|x64
		{53015D67-7123-D632-04C0-9408FFB50CC2}.Debug|x86.ActiveCfg = Debug|x86
		{53015D67-7123-D632-04C0-9408FFB50CC2}.Debug|x86.Build.0 = Debug|x86
		{53015D67-7123-D632-04C0-9408FFB50CC2}.Release|Any CPU.ActiveCfg = Release|Any CPU
		{53015D67-7123-D632-04C0-9408FFB50CC2}.Release|Any CPU.Build.0 = Release|Any CPU
		{53015D67-7123-D632-04C0-9408FFB50CC2}.Release|x64.ActiveCfg = Release|x64
		{53015D67-7123-D632-04C0-9408FFB50CC2}.Release|x86.ActiveCfg = Release|x86
		{53015D67-7123-D632-04C0-9408FFB50CC2}.Release|x86.Build.0 = Release|x86
		{07BDDEF3-2B89-893C-CEF1-82F1D876C103}.Debug|Any CPU.ActiveCfg = Debug|Any CPU
		{07BDDEF3-2B89-893C-CEF1-82F1D876C103}.Debug|x64.ActiveCfg = Debug|x64
		{07BDDEF3-2B89-893C-CEF1-82F1D876C103}.Debug|x86.ActiveCfg = Debug|Any CPU
		{07BDDEF3-2B89-893C-CEF1-82F1D876C103}.Debug|x86.Build.0 = Debug|Any CPU
		{07BDDEF3-2B89-893C-CEF1-82F1D876C103}.Release|Any CPU.ActiveCfg = Release|Any CPU
		{07BDDEF3-2B89-893C-CEF1-82F1D876C103}.Release|Any CPU.Build.0 = Release|Any CPU
		{07BDDEF3-2B89-893C-CEF1-82F1D876C103}.Release|x64.ActiveCfg = Release|x64
		{07BDDEF3-2B89-893C-CEF1-82F1D876C103}.Release|x86.ActiveCfg = Release|Any CPU
		{07BDDEF3-2B89-893C-CEF1-82F1D876C103}.Release|x86.Build.0 = Release|Any CPU
		{CE12C30F-76AD-2402-D13D-BD788A57DBAA}.Debug|Any CPU.ActiveCfg = Debug|Any CPU
		{CE12C30F-76AD-2402-D13D-BD788A57DBAA}.Debug|x64.ActiveCfg = Debug|x64
		{CE12C30F-76AD-2402-D13D-BD788A57DBAA}.Debug|x86.ActiveCfg = Debug|x86
		{CE12C30F-76AD-2402-D13D-BD788A57DBAA}.Debug|x86.Build.0 = Debug|x86
		{CE12C30F-76AD-2402-D13D-BD788A57DBAA}.Release|Any CPU.ActiveCfg = Release|Any CPU
		{CE12C30F-76AD-2402-D13D-BD788A57DBAA}.Release|Any CPU.Build.0 = Release|Any CPU
		{CE12C30F-76AD-2402-D13D-BD788A57DBAA}.Release|x64.ActiveCfg = Release|x64
		{CE12C30F-76AD-2402-D13D-BD788A57DBAA}.Release|x64.Build.0 = Release|x64
		{CE12C30F-76AD-2402-D13D-BD788A57DBAA}.Release|x86.ActiveCfg = Release|x86
		{CE12C30F-76AD-2402-D13D-BD788A57DBAA}.Release|x86.Build.0 = Release|x86
		{B6EFAFE4-C904-E197-6A39-26885319DAAF}.Debug|Any CPU.ActiveCfg = Debug|Any CPU
		{B6EFAFE4-C904-E197-6A39-26885319DAAF}.Debug|x64.ActiveCfg = Debug|x64
		{B6EFAFE4-C904-E197-6A39-26885319DAAF}.Debug|x86.ActiveCfg = Debug|x86
		{B6EFAFE4-C904-E197-6A39-26885319DAAF}.Debug|x86.Build.0 = Debug|x86
		{B6EFAFE4-C904-E197-6A39-26885319DAAF}.Release|Any CPU.ActiveCfg = Release|Any CPU
		{B6EFAFE4-C904-E197-6A39-26885319DAAF}.Release|Any CPU.Build.0 = Release|Any CPU
		{B6EFAFE4-C904-E197-6A39-26885319DAAF}.Release|x64.ActiveCfg = Release|x64
		{B6EFAFE4-C904-E197-6A39-26885319DAAF}.Release|x64.Build.0 = Release|x64
		{B6EFAFE4-C904-E197-6A39-26885319DAAF}.Release|x86.ActiveCfg = Release|x86
		{B6EFAFE4-C904-E197-6A39-26885319DAAF}.Release|x86.Build.0 = Release|x86
		{78844FC0-EE0C-46F4-A45F-68884F4F2457}.Debug|Any CPU.ActiveCfg = Debug|Any CPU
		{78844FC0-EE0C-46F4-A45F-68884F4F2457}.Debug|x64.ActiveCfg = Debug|Any CPU
		{78844FC0-EE0C-46F4-A45F-68884F4F2457}.Debug|x64.Build.0 = Debug|Any CPU
		{78844FC0-EE0C-46F4-A45F-68884F4F2457}.Debug|x86.ActiveCfg = Debug|Any CPU
		{78844FC0-EE0C-46F4-A45F-68884F4F2457}.Debug|x86.Build.0 = Debug|Any CPU
		{78844FC0-EE0C-46F4-A45F-68884F4F2457}.Release|Any CPU.ActiveCfg = Release|Any CPU
		{78844FC0-EE0C-46F4-A45F-68884F4F2457}.Release|Any CPU.Build.0 = Release|Any CPU
		{78844FC0-EE0C-46F4-A45F-68884F4F2457}.Release|x64.ActiveCfg = Release|Any CPU
		{78844FC0-EE0C-46F4-A45F-68884F4F2457}.Release|x64.Build.0 = Release|Any CPU
		{78844FC0-EE0C-46F4-A45F-68884F4F2457}.Release|x86.ActiveCfg = Release|Any CPU
		{78844FC0-EE0C-46F4-A45F-68884F4F2457}.Release|x86.Build.0 = Release|Any CPU
		{AF199E0F-E112-36AA-DF01-D5BACA1162DE}.Debug|Any CPU.ActiveCfg = Debug|Any CPU
		{AF199E0F-E112-36AA-DF01-D5BACA1162DE}.Debug|x64.ActiveCfg = Debug|Any CPU
		{AF199E0F-E112-36AA-DF01-D5BACA1162DE}.Debug|x86.ActiveCfg = Debug|Any CPU
		{AF199E0F-E112-36AA-DF01-D5BACA1162DE}.Debug|x86.Build.0 = Debug|Any CPU
		{AF199E0F-E112-36AA-DF01-D5BACA1162DE}.Release|Any CPU.ActiveCfg = Release|Any CPU
		{AF199E0F-E112-36AA-DF01-D5BACA1162DE}.Release|Any CPU.Build.0 = Release|Any CPU
		{AF199E0F-E112-36AA-DF01-D5BACA1162DE}.Release|x64.ActiveCfg = Release|Any CPU
		{AF199E0F-E112-36AA-DF01-D5BACA1162DE}.Release|x86.ActiveCfg = Release|Any CPU
		{AF199E0F-E112-36AA-DF01-D5BACA1162DE}.Release|x86.Build.0 = Release|Any CPU
		{E2C02914-EF8F-4282-A27B-851B65B5844E}.Debug|Any CPU.ActiveCfg = Debug|Any CPU
		{E2C02914-EF8F-4282-A27B-851B65B5844E}.Debug|x64.ActiveCfg = Debug|Any CPU
		{E2C02914-EF8F-4282-A27B-851B65B5844E}.Debug|x86.ActiveCfg = Debug|Any CPU
		{E2C02914-EF8F-4282-A27B-851B65B5844E}.Debug|x86.Build.0 = Debug|Any CPU
		{E2C02914-EF8F-4282-A27B-851B65B5844E}.Release|Any CPU.ActiveCfg = Release|Any CPU
		{E2C02914-EF8F-4282-A27B-851B65B5844E}.Release|Any CPU.Build.0 = Release|Any CPU
		{E2C02914-EF8F-4282-A27B-851B65B5844E}.Release|x64.ActiveCfg = Release|Any CPU
		{E2C02914-EF8F-4282-A27B-851B65B5844E}.Release|x86.ActiveCfg = Release|Any CPU
		{E2C02914-EF8F-4282-A27B-851B65B5844E}.Release|x86.Build.0 = Release|Any CPU
		{AC5EA7C8-A032-4D80-B42C-8A196C61D7D6}.Debug|Any CPU.ActiveCfg = Debug|Any CPU
		{AC5EA7C8-A032-4D80-B42C-8A196C61D7D6}.Debug|x64.ActiveCfg = Debug|Any CPU
		{AC5EA7C8-A032-4D80-B42C-8A196C61D7D6}.Debug|x86.ActiveCfg = Debug|Any CPU
		{AC5EA7C8-A032-4D80-B42C-8A196C61D7D6}.Debug|x86.Build.0 = Debug|Any CPU
		{AC5EA7C8-A032-4D80-B42C-8A196C61D7D6}.Release|Any CPU.ActiveCfg = Release|Any CPU
		{AC5EA7C8-A032-4D80-B42C-8A196C61D7D6}.Release|Any CPU.Build.0 = Release|Any CPU
		{AC5EA7C8-A032-4D80-B42C-8A196C61D7D6}.Release|x64.ActiveCfg = Release|Any CPU
		{AC5EA7C8-A032-4D80-B42C-8A196C61D7D6}.Release|x86.ActiveCfg = Release|Any CPU
		{AC5EA7C8-A032-4D80-B42C-8A196C61D7D6}.Release|x86.Build.0 = Release|Any CPU
		{92A22C46-DCAE-DFBB-F0EB-6E4212CF19AD}.Debug|Any CPU.ActiveCfg = Debug|x64
		{92A22C46-DCAE-DFBB-F0EB-6E4212CF19AD}.Debug|x64.ActiveCfg = Debug|x64
		{92A22C46-DCAE-DFBB-F0EB-6E4212CF19AD}.Debug|x86.ActiveCfg = Debug|Any CPU
		{92A22C46-DCAE-DFBB-F0EB-6E4212CF19AD}.Debug|x86.Build.0 = Debug|Any CPU
		{92A22C46-DCAE-DFBB-F0EB-6E4212CF19AD}.Release|Any CPU.ActiveCfg = Release|x64
		{92A22C46-DCAE-DFBB-F0EB-6E4212CF19AD}.Release|Any CPU.Build.0 = Release|x64
		{92A22C46-DCAE-DFBB-F0EB-6E4212CF19AD}.Release|x64.ActiveCfg = Release|x64
		{92A22C46-DCAE-DFBB-F0EB-6E4212CF19AD}.Release|x86.ActiveCfg = Release|Any CPU
		{92A22C46-DCAE-DFBB-F0EB-6E4212CF19AD}.Release|x86.Build.0 = Release|Any CPU
		{60C43855-D428-4DA7-A152-6C950697B226}.Debug|Any CPU.ActiveCfg = Debug|Any CPU
		{60C43855-D428-4DA7-A152-6C950697B226}.Debug|x64.ActiveCfg = Debug|Any CPU
		{60C43855-D428-4DA7-A152-6C950697B226}.Debug|x86.ActiveCfg = Debug|Any CPU
		{60C43855-D428-4DA7-A152-6C950697B226}.Debug|x86.Build.0 = Debug|Any CPU
		{60C43855-D428-4DA7-A152-6C950697B226}.Release|Any CPU.ActiveCfg = Release|Any CPU
		{60C43855-D428-4DA7-A152-6C950697B226}.Release|Any CPU.Build.0 = Release|Any CPU
		{60C43855-D428-4DA7-A152-6C950697B226}.Release|x64.ActiveCfg = Release|Any CPU
		{60C43855-D428-4DA7-A152-6C950697B226}.Release|x86.ActiveCfg = Release|Any CPU
		{60C43855-D428-4DA7-A152-6C950697B226}.Release|x86.Build.0 = Release|Any CPU
		{5AF66F1F-C346-4C45-9122-CD62F95DD0BF}.Debug|Any CPU.ActiveCfg = Debug|Any CPU
		{5AF66F1F-C346-4C45-9122-CD62F95DD0BF}.Debug|Any CPU.Build.0 = Debug|Any CPU
		{5AF66F1F-C346-4C45-9122-CD62F95DD0BF}.Debug|x64.ActiveCfg = Debug|Any CPU
		{5AF66F1F-C346-4C45-9122-CD62F95DD0BF}.Debug|x64.Build.0 = Debug|Any CPU
		{5AF66F1F-C346-4C45-9122-CD62F95DD0BF}.Debug|x86.ActiveCfg = Debug|Any CPU
		{5AF66F1F-C346-4C45-9122-CD62F95DD0BF}.Debug|x86.Build.0 = Debug|Any CPU
		{5AF66F1F-C346-4C45-9122-CD62F95DD0BF}.Release|Any CPU.ActiveCfg = Release|Any CPU
		{5AF66F1F-C346-4C45-9122-CD62F95DD0BF}.Release|Any CPU.Build.0 = Release|Any CPU
		{5AF66F1F-C346-4C45-9122-CD62F95DD0BF}.Release|x64.ActiveCfg = Release|Any CPU
		{5AF66F1F-C346-4C45-9122-CD62F95DD0BF}.Release|x64.Build.0 = Release|Any CPU
		{5AF66F1F-C346-4C45-9122-CD62F95DD0BF}.Release|x86.ActiveCfg = Release|Any CPU
		{5AF66F1F-C346-4C45-9122-CD62F95DD0BF}.Release|x86.Build.0 = Release|Any CPU
		{521871AE-A9EA-BF62-A495-32F0E0FA8540}.Debug|Any CPU.ActiveCfg = Debug
		{521871AE-A9EA-BF62-A495-32F0E0FA8540}.Debug|x64.ActiveCfg = Debug
		{521871AE-A9EA-BF62-A495-32F0E0FA8540}.Debug|x86.ActiveCfg = Debug
		{521871AE-A9EA-BF62-A495-32F0E0FA8540}.Release|Any CPU.ActiveCfg = Release
		{521871AE-A9EA-BF62-A495-32F0E0FA8540}.Release|x64.ActiveCfg = Release
		{521871AE-A9EA-BF62-A495-32F0E0FA8540}.Release|x86.ActiveCfg = Release
	EndGlobalSection
	GlobalSection(SolutionProperties) = preSolution
		HideSolutionNode = FALSE
	EndGlobalSection
	GlobalSection(ExtensibilityGlobals) = postSolution
		SolutionGuid = {B3C15C05-35DE-470E-9A2D-607F542E6D93}
	EndGlobalSection
EndGlobal
